
Microsoft Visual Studio Solution File, Format Version 12.00
# Visual Studio Version 16
VisualStudioVersion = 16.0.31624.102
MinimumVisualStudioVersion = 10.0.40219.1
Project("{FAE04EC0-301F-11D3-BF4B-00C04F79EFBC}") = "TechHomework4", "TechHomework4\TechHomework4.csproj", "{730A7991-1DD5-4DC0-87DF-42A7AB9FD478}"
EndProject
Global
	GlobalSection(SolutionConfigurationPlatforms) = preSolution
		Debug|Any CPU = Debug|Any CPU
		Release|Any CPU = Release|Any CPU
	EndGlobalSection
	GlobalSection(ProjectConfigurationPlatforms) = postSolution
		{730A7991-1DD5-4DC0-87DF-42A7AB9FD478}.Debug|Any CPU.ActiveCfg = Debug|Any CPU
		{730A7991-1DD5-4DC0-87DF-42A7AB9FD478}.Debug|Any CPU.Build.0 = Debug|Any CPU
		{730A7991-1DD5-4DC0-87DF-42A7AB9FD478}.Release|Any CPU.ActiveCfg = Release|Any CPU
		{730A7991-1DD5-4DC0-87DF-42A7AB9FD478}.Release|Any CPU.Build.0 = Release|Any CPU
	EndGlobalSection
	GlobalSection(SolutionProperties) = preSolution
		HideSolutionNode = FALSE
	EndGlobalSection
	GlobalSection(ExtensibilityGlobals) = postSolution
		SolutionGuid = {C5B801E1-57E5-4308-9911-AD70F5FDC9A8}
	EndGlobalSection
EndGlobal
